Microsoft Visual Studio Solution File, Format Version 12.00
# Visual Studio Version 17
VisualStudioVersion = 17.5.2.0
MinimumVisualStudioVersion = 10.0.40219.1
Project("{FAE04EC0-301F-11D3-BF4B-00C04F79EFBC}") = "LW1", "LW1.csproj", "{80EC82F5-C87A-1A8F-DC94-A77D14B55974}"
EndProject
Project("{FAE04EC0-301F-11D3-BF4B-00C04F79EFBC}") = "LW1UniversitySystemTest", "..\UniversitySystemTest\LW1UniversitySystemTest.csproj", "{4DBA46E7-F3BE-A640-EC5F-6C40CAF6289B}"
EndProject
Global
	GlobalSection(SolutionConfigurationPlatforms) = preSolution
		Debug|Any CPU = Debug|Any CPU
		Release|Any CPU = Release|Any CPU
	EndGlobalSection
	GlobalSection(ProjectConfigurationPlatforms) = postSolution
		{80EC82F5-C87A-1A8F-DC94-A77D14B55974}.Debug|Any CPU.ActiveCfg = Debug|Any CPU
		{80EC82F5-C87A-1A8F-DC94-A77D14B55974}.Debug|Any CPU.Build.0 = Debug|Any CPU
		{80EC82F5-C87A-1A8F-DC94-A77D14B55974}.Release|Any CPU.ActiveCfg = Release|Any CPU
		{80EC82F5-C87A-1A8F-DC94-A77D14B55974}.Release|Any CPU.Build.0 = Release|Any CPU
		{4DBA46E7-F3BE-A640-EC5F-6C40CAF6289B}.Debug|Any CPU.ActiveCfg = Debug|Any CPU
		{4DBA46E7-F3BE-A640-EC5F-6C40CAF6289B}.Debug|Any CPU.Build.0 = Debug|Any CPU
		{4DBA46E7-F3BE-A640-EC5F-6C40CAF6289B}.Release|Any CPU.ActiveCfg = Release|Any CPU
		{4DBA46E7-F3BE-A640-EC5F-6C40CAF6289B}.Release|Any CPU.Build.0 = Release|Any CPU
	EndGlobalSection
	GlobalSection(SolutionProperties) = preSolution
		HideSolutionNode = FALSE
	EndGlobalSection
	GlobalSection(ExtensibilityGlobals) = postSolution
		SolutionGuid = {FBB6EC51-0B42-435B-A97A-395120E3A200}
	EndGlobalSection
EndGlobal
